
Microsoft Visual Studio Solution File, Format Version 12.00
# Visual Studio 15
VisualStudioVersion = 15.0.27703.2042
MinimumVisualStudioVersion = 10.0.40219.1
Project("{2150E333-8FDC-42A3-9474-1A3956D46DE8}") = "Infrastructure", "Infrastructure", "{17695428-03B4-4871-B22C-8050474EB313}"
EndProject
Project("{9A19103F-16F7-4668-BE54-9A1E7A4F7556}") = "UTH.Infrastructure.Resource", "Infrastructure\UTH.Infrastructure.Resource\UTH.Infrastructure.Resource.csproj", "{F2524D8F-ADBB-4CBA-8B88-05E68A7C8BB9}"
EndProject
Project("{9A19103F-16F7-4668-BE54-9A1E7A4F7556}") = "UTH.Infrastructure.Utility", "Infrastructure\UTH.Infrastructure.Utility\UTH.Infrastructure.Utility.csproj", "{ABD28262-CCFF-4F37-8AE2-3F6747DD41B1}"
EndProject
Project("{2150E333-8FDC-42A3-9474-1A3956D46DE8}") = "Framework", "Framework", "{46FF9DB7-6640-468B-8D78-2397CF1D0924}"
EndProject
Project("{9A19103F-16F7-4668-BE54-9A1E7A4F7556}") = "UTH.Framework", "Framework\UTH.Framework\UTH.Framework.csproj", "{BE127E5F-3121-47D9-9F24-7AFBFD4C086C}"
EndProject
Project("{9A19103F-16F7-4668-BE54-9A1E7A4F7556}") = "UTH.Framework.Log4net", "Framework\UTH.Framework.Log4net\UTH.Framework.Log4net.csproj", "{66600385-8704-49F9-BDED-2EAA3271A78F}"
EndProject
Project("{9A19103F-16F7-4668-BE54-9A1E7A4F7556}") = "UTH.Framework.SqlSugar", "Framework\UTH.Framework.SqlSugar\UTH.Framework.SqlSugar.csproj", "{6BB723AA-E9B2-4010-9AC8-55377065258A}"
EndProject
Project("{9A19103F-16F7-4668-BE54-9A1E7A4F7556}") = "UTH.Framework.Web", "Framework\UTH.Framework.Web\UTH.Framework.Web.csproj", "{080C7C4D-CCF6-455D-9830-BE531D5734C3}"
EndProject
Project("{2150E333-8FDC-42A3-9474-1A3956D46DE8}") = "Server", "Server", "{6C8521C6-E213-4EC7-895F-FAEED0AB1BF8}"
EndProject
Project("{9A19103F-16F7-4668-BE54-9A1E7A4F7556}") = "UTH.Server.Api", "Server\UTH.Server.Api\UTH.Server.Api.csproj", "{5127A73E-B068-456A-8E96-3AFEAAFAF32E}"
EndProject
Project("{2150E333-8FDC-42A3-9474-1A3956D46DE8}") = "Module", "Module", "{746D959B-03EE-4B3B-8C27-20D7D9D821B3}"
EndProject
Project("{9A19103F-16F7-4668-BE54-9A1E7A4F7556}") = "UTH.Module.Meeting", "Module\UTH.Module.Meeting\UTH.Module.Meeting.csproj", "{8AA01F92-165C-4639-AC6C-D85E3B238ED8}"
EndProject
Project("{2150E333-8FDC-42A3-9474-1A3956D46DE8}") = "Plug", "Plug", "{FD9837C9-DF75-4F49-84EF-DCA725DDFD83}"
EndProject
Project("{9A19103F-16F7-4668-BE54-9A1E7A4F7556}") = "UTH.Plug.Notification", "Plug\UTH.Plug.Notification\UTH.Plug.Notification.csproj", "{B6349AC2-02C9-4A96-91D8-3CB6D41BBF1D}"
EndProject
Project("{2150E333-8FDC-42A3-9474-1A3956D46DE8}") = "Domain", "Domain", "{DA32F9FF-C145-4C82-AB1B-952130CDA4C4}"
EndProject
Project("{9A19103F-16F7-4668-BE54-9A1E7A4F7556}") = "UTH.Domain", "Domain\UTH.Domain\UTH.Domain.csproj", "{61CA1710-8F1F-43B7-9402-F7C5D88D7CCD}"
EndProject
Project("{9A19103F-16F7-4668-BE54-9A1E7A4F7556}") = "UTH.Module.Core", "Module\UTH.Module.Core\UTH.Module.Core.csproj", "{E30F27C1-C610-4235-855D-EFF2ECFC25F5}"
EndProject
Project("{9A19103F-16F7-4668-BE54-9A1E7A4F7556}") = "UTH.Module.Basics", "Module\UTH.Module.Basics\UTH.Module.Basics.csproj", "{29FB54A6-D081-4AC4-9304-8A82C2BEACDB}"
EndProject
Project("{9A19103F-16F7-4668-BE54-9A1E7A4F7556}") = "UTH.Module.User", "Module\UTH.Module.User\UTH.Module.User.csproj", "{EDE20A8D-FC2A-481B-BD98-4A30286B2F14}"
EndProject
Project("{2150E333-8FDC-42A3-9474-1A3956D46DE8}") = "Config", "Config", "{65B4DAB6-878C-4DD6-803E-799FF0FE6C74}"
	ProjectSection(SolutionItems) = preProject
		Config\ApiUrl.config = Config\ApiUrl.config
		Config\DynamicApi.config = Config\DynamicApi.config
		Config\log4net.config = Config\log4net.config
		Config\OpenApi.config = Config\OpenApi.config
		Config\Sms.config = Config\Sms.config
	EndProjectSection
EndProject
Project("{9A19103F-16F7-4668-BE54-9A1E7A4F7556}") = "UTH.Framework.Wpf", "Framework\UTH.Framework.Wpf\UTH.Framework.Wpf.csproj", "{1419F59D-76E3-49C2-9D7D-F41246F89CBB}"
EndProject
Project("{9A19103F-16F7-4668-BE54-9A1E7A4F7556}") = "UTH.Plug.Speech", "Plug\UTH.Plug.Speech\UTH.Plug.Speech.csproj", "{2C2A9231-28C9-41DA-9F7F-5F3EE14EAEC0}"
EndProject
Project("{9A19103F-16F7-4668-BE54-9A1E7A4F7556}") = "UTH.Plug.Multimedia", "Plug\UTH.Plug.Multimedia\UTH.Plug.Multimedia.csproj", "{EC9D235E-BB1B-4BD0-91B3-C300AC0F22B2}"
EndProject
Project("{9A19103F-16F7-4668-BE54-9A1E7A4F7556}") = "UTH.Server.Management", "Server\UTH.Server.Management\UTH.Server.Management.csproj", "{3D14658F-6B2E-4A22-908B-4C68D0A4A54D}"
EndProject
Project("{2150E333-8FDC-42A3-9474-1A3956D46DE8}") = "Document", "Document", "{3BC01E5B-27DC-4423-A63B-E3764921079A}"
	ProjectSection(SolutionItems) = preProject
		Document\路径配置说明.txt = Document\路径配置说明.txt
		Document\身份认证结构说明.png = Document\身份认证结构说明.png
	EndProjectSection
EndProject
Project("{FAE04EC0-301F-11D3-BF4B-00C04F79EFBC}") = "UTH.Plug", "Plug\UTH.Plug\UTH.Plug.csproj", "{33580E3E-EC6C-4298-A997-901B7D3531FC}"
EndProject
Global
	GlobalSection(SolutionConfigurationPlatforms) = preSolution
		Debug|Any CPU = Debug|Any CPU
		Release|Any CPU = Release|Any CPU
	EndGlobalSection
	GlobalSection(ProjectConfigurationPlatforms) = postSolution
		{F2524D8F-ADBB-4CBA-8B88-05E68A7C8BB9}.Debug|Any CPU.ActiveCfg = Debug|Any CPU
		{F2524D8F-ADBB-4CBA-8B88-05E68A7C8BB9}.Debug|Any CPU.Build.0 = Debug|Any CPU
		{F2524D8F-ADBB-4CBA-8B88-05E68A7C8BB9}.Release|Any CPU.ActiveCfg = Release|Any CPU
		{F2524D8F-ADBB-4CBA-8B88-05E68A7C8BB9}.Release|Any CPU.Build.0 = Release|Any CPU
		{ABD28262-CCFF-4F37-8AE2-3F6747DD41B1}.Debug|Any CPU.ActiveCfg = Debug|Any CPU
		{ABD28262-CCFF-4F37-8AE2-3F6747DD41B1}.Debug|Any CPU.Build.0 = Debug|Any CPU
		{ABD28262-CCFF-4F37-8AE2-3F6747DD41B1}.Release|Any CPU.ActiveCfg = Release|Any CPU
		{ABD28262-CCFF-4F37-8AE2-3F6747DD41B1}.Release|Any CPU.Build.0 = Release|Any CPU
		{BE127E5F-3121-47D9-9F24-7AFBFD4C086C}.Debug|Any CPU.ActiveCfg = Debug|Any CPU
		{BE127E5F-3121-47D9-9F24-7AFBFD4C086C}.Debug|Any CPU.Build.0 = Debug|Any CPU
		{BE127E5F-3121-47D9-9F24-7AFBFD4C086C}.Release|Any CPU.ActiveCfg = Release|Any CPU
		{BE127E5F-3121-47D9-9F24-7AFBFD4C086C}.Release|Any CPU.Build.0 = Release|Any CPU
		{66600385-8704-49F9-BDED-2EAA3271A78F}.Debug|Any CPU.ActiveCfg = Debug|Any CPU
		{66600385-8704-49F9-BDED-2EAA3271A78F}.Debug|Any CPU.Build.0 = Debug|Any CPU
		{66600385-8704-49F9-BDED-2EAA3271A78F}.Release|Any CPU.ActiveCfg = Release|Any CPU
		{66600385-8704-49F9-BDED-2EAA3271A78F}.Release|Any CPU.Build.0 = Release|Any CPU
		{6BB723AA-E9B2-4010-9AC8-55377065258A}.Debug|Any CPU.ActiveCfg = Debug|Any CPU
		{6BB723AA-E9B2-4010-9AC8-55377065258A}.Debug|Any CPU.Build.0 = Debug|Any CPU
		{6BB723AA-E9B2-4010-9AC8-55377065258A}.Release|Any CPU.ActiveCfg = Release|Any CPU
		{6BB723AA-E9B2-4010-9AC8-55377065258A}.Release|Any CPU.Build.0 = Release|Any CPU
		{080C7C4D-CCF6-455D-9830-BE531D5734C3}.Debug|Any CPU.ActiveCfg = Debug|Any CPU
		{080C7C4D-CCF6-455D-9830-BE531D5734C3}.Debug|Any CPU.Build.0 = Debug|Any CPU
		{080C7C4D-CCF6-455D-9830-BE531D5734C3}.Release|Any CPU.ActiveCfg = Release|Any CPU
		{080C7C4D-CCF6-455D-9830-BE531D5734C3}.Release|Any CPU.Build.0 = Release|Any CPU
		{5127A73E-B068-456A-8E96-3AFEAAFAF32E}.Debug|Any CPU.ActiveCfg = Debug|Any CPU
		{5127A73E-B068-456A-8E96-3AFEAAFAF32E}.Debug|Any CPU.Build.0 = Debug|Any CPU
		{5127A73E-B068-456A-8E96-3AFEAAFAF32E}.Release|Any CPU.ActiveCfg = Release|Any CPU
		{5127A73E-B068-456A-8E96-3AFEAAFAF32E}.Release|Any CPU.Build.0 = Release|Any CPU
		{8AA01F92-165C-4639-AC6C-D85E3B238ED8}.Debug|Any CPU.ActiveCfg = Debug|Any CPU
		{8AA01F92-165C-4639-AC6C-D85E3B238ED8}.Debug|Any CPU.Build.0 = Debug|Any CPU
		{8AA01F92-165C-4639-AC6C-D85E3B238ED8}.Release|Any CPU.ActiveCfg = Release|Any CPU
		{8AA01F92-165C-4639-AC6C-D85E3B238ED8}.Release|Any CPU.Build.0 = Release|Any CPU
		{B6349AC2-02C9-4A96-91D8-3CB6D41BBF1D}.Debug|Any CPU.ActiveCfg = Debug|Any CPU
		{B6349AC2-02C9-4A96-91D8-3CB6D41BBF1D}.Debug|Any CPU.Build.0 = Debug|Any CPU
		{B6349AC2-02C9-4A96-91D8-3CB6D41BBF1D}.Release|Any CPU.ActiveCfg = Release|Any CPU
		{B6349AC2-02C9-4A96-91D8-3CB6D41BBF1D}.Release|Any CPU.Build.0 = Release|Any CPU
		{61CA1710-8F1F-43B7-9402-F7C5D88D7CCD}.Debug|Any CPU.ActiveCfg = Debug|Any CPU
		{61CA1710-8F1F-43B7-9402-F7C5D88D7CCD}.Debug|Any CPU.Build.0 = Debug|Any CPU
		{61CA1710-8F1F-43B7-9402-F7C5D88D7CCD}.Release|Any CPU.ActiveCfg = Release|Any CPU
		{61CA1710-8F1F-43B7-9402-F7C5D88D7CCD}.Release|Any CPU.Build.0 = Release|Any CPU
		{E30F27C1-C610-4235-855D-EFF2ECFC25F5}.Debug|Any CPU.ActiveCfg = Debug|Any CPU
		{E30F27C1-C610-4235-855D-EFF2ECFC25F5}.Debug|Any CPU.Build.0 = Debug|Any CPU
		{E30F27C1-C610-4235-855D-EFF2ECFC25F5}.Release|Any CPU.ActiveCfg = Release|Any CPU
		{E30F27C1-C610-4235-855D-EFF2ECFC25F5}.Release|Any CPU.Build.0 = Release|Any CPU
		{29FB54A6-D081-4AC4-9304-8A82C2BEACDB}.Debug|Any CPU.ActiveCfg = Debug|Any CPU
		{29FB54A6-D081-4AC4-9304-8A82C2BEACDB}.Debug|Any CPU.Build.0 = Debug|Any CPU
		{29FB54A6-D081-4AC4-9304-8A82C2BEACDB}.Release|Any CPU.ActiveCfg = Release|Any CPU
		{29FB54A6-D081-4AC4-9304-8A82C2BEACDB}.Release|Any CPU.Build.0 = Release|Any CPU
		{EDE20A8D-FC2A-481B-BD98-4A30286B2F14}.Debug|Any CPU.ActiveCfg = Debug|Any CPU
		{EDE20A8D-FC2A-481B-BD98-4A30286B2F14}.Debug|Any CPU.Build.0 = Debug|Any CPU
		{EDE20A8D-FC2A-481B-BD98-4A30286B2F14}.Release|Any CPU.ActiveCfg = Release|Any CPU
		{EDE20A8D-FC2A-481B-BD98-4A30286B2F14}.Release|Any CPU.Build.0 = Release|Any CPU
		{1419F59D-76E3-49C2-9D7D-F41246F89CBB}.Debug|Any CPU.ActiveCfg = Debug|Any CPU
		{1419F59D-76E3-49C2-9D7D-F41246F89CBB}.Debug|Any CPU.Build.0 = Debug|Any CPU
		{1419F59D-76E3-49C2-9D7D-F41246F89CBB}.Release|Any CPU.ActiveCfg = Release|Any CPU
		{1419F59D-76E3-49C2-9D7D-F41246F89CBB}.Release|Any CPU.Build.0 = Release|Any CPU
		{2C2A9231-28C9-41DA-9F7F-5F3EE14EAEC0}.Debug|Any CPU.ActiveCfg = Debug|Any CPU
		{2C2A9231-28C9-41DA-9F7F-5F3EE14EAEC0}.Debug|Any CPU.Build.0 = Debug|Any CPU
		{2C2A9231-28C9-41DA-9F7F-5F3EE14EAEC0}.Release|Any CPU.ActiveCfg = Release|Any CPU
		{2C2A9231-28C9-41DA-9F7F-5F3EE14EAEC0}.Release|Any CPU.Build.0 = Release|Any CPU
		{EC9D235E-BB1B-4BD0-91B3-C300AC0F22B2}.Debug|Any CPU.ActiveCfg = Debug|Any CPU
		{EC9D235E-BB1B-4BD0-91B3-C300AC0F22B2}.Debug|Any CPU.Build.0 = Debug|Any CPU
		{EC9D235E-BB1B-4BD0-91B3-C300AC0F22B2}.Release|Any CPU.ActiveCfg = Release|Any CPU
		{EC9D235E-BB1B-4BD0-91B3-C300AC0F22B2}.Release|Any CPU.Build.0 = Release|Any CPU
		{3D14658F-6B2E-4A22-908B-4C68D0A4A54D}.Debug|Any CPU.ActiveCfg = Debug|Any CPU
		{3D14658F-6B2E-4A22-908B-4C68D0A4A54D}.Debug|Any CPU.Build.0 = Debug|Any CPU
		{3D14658F-6B2E-4A22-908B-4C68D0A4A54D}.Release|Any CPU.ActiveCfg = Release|Any CPU
		{3D14658F-6B2E-4A22-908B-4C68D0A4A54D}.Release|Any CPU.Build.0 = Release|Any CPU
		{33580E3E-EC6C-4298-A997-901B7D3531FC}.Debug|Any CPU.ActiveCfg = Debug|Any CPU
		{33580E3E-EC6C-4298-A997-901B7D3531FC}.Debug|Any CPU.Build.0 = Debug|Any CPU
		{33580E3E-EC6C-4298-A997-901B7D3531FC}.Release|Any CPU.ActiveCfg = Release|Any CPU
		{33580E3E-EC6C-4298-A997-901B7D3531FC}.Release|Any CPU.Build.0 = Release|Any CPU
	EndGlobalSection
	GlobalSection(SolutionProperties) = preSolution
		HideSolutionNode = FALSE
	EndGlobalSection
	GlobalSection(NestedProjects) = preSolution
		{F2524D8F-ADBB-4CBA-8B88-05E68A7C8BB9} = {17695428-03B4-4871-B22C-8050474EB313}
		{ABD28262-CCFF-4F37-8AE2-3F6747DD41B1} = {17695428-03B4-4871-B22C-8050474EB313}
		{BE127E5F-3121-47D9-9F24-7AFBFD4C086C} = {46FF9DB7-6640-468B-8D78-2397CF1D0924}
		{66600385-8704-49F9-BDED-2EAA3271A78F} = {46FF9DB7-6640-468B-8D78-2397CF1D0924}
		{6BB723AA-E9B2-4010-9AC8-55377065258A} = {46FF9DB7-6640-468B-8D78-2397CF1D0924}
		{080C7C4D-CCF6-455D-9830-BE531D5734C3} = {46FF9DB7-6640-468B-8D78-2397CF1D0924}
		{5127A73E-B068-456A-8E96-3AFEAAFAF32E} = {6C8521C6-E213-4EC7-895F-FAEED0AB1BF8}
		{8AA01F92-165C-4639-AC6C-D85E3B238ED8} = {746D959B-03EE-4B3B-8C27-20D7D9D821B3}
		{B6349AC2-02C9-4A96-91D8-3CB6D41BBF1D} = {FD9837C9-DF75-4F49-84EF-DCA725DDFD83}
		{61CA1710-8F1F-43B7-9402-F7C5D88D7CCD} = {DA32F9FF-C145-4C82-AB1B-952130CDA4C4}
		{E30F27C1-C610-4235-855D-EFF2ECFC25F5} = {746D959B-03EE-4B3B-8C27-20D7D9D821B3}
		{29FB54A6-D081-4AC4-9304-8A82C2BEACDB} = {746D959B-03EE-4B3B-8C27-20D7D9D821B3}
		{EDE20A8D-FC2A-481B-BD98-4A30286B2F14} = {746D959B-03EE-4B3B-8C27-20D7D9D821B3}
		{1419F59D-76E3-49C2-9D7D-F41246F89CBB} = {46FF9DB7-6640-468B-8D78-2397CF1D0924}
		{2C2A9231-28C9-41DA-9F7F-5F3EE14EAEC0} = {FD9837C9-DF75-4F49-84EF-DCA725DDFD83}
		{EC9D235E-BB1B-4BD0-91B3-C300AC0F22B2} = {FD9837C9-DF75-4F49-84EF-DCA725DDFD83}
		{3D14658F-6B2E-4A22-908B-4C68D0A4A54D} = {6C8521C6-E213-4EC7-895F-FAEED0AB1BF8}
		{33580E3E-EC6C-4298-A997-901B7D3531FC} = {FD9837C9-DF75-4F49-84EF-DCA725DDFD83}
	EndGlobalSection
	GlobalSection(ExtensibilityGlobals) = postSolution
		SolutionGuid = {67D6604A-CCE9-4894-8112-34541F4A5EF5}
	EndGlobalSection
EndGlobal
